
Microsoft Visual Studio Solution File, Format Version 12.00
# Visual Studio Version 16
VisualStudioVersion = 16.0.31129.286
MinimumVisualStudioVersion = 10.0.40219.1
Project("{9A19103F-16F7-4668-BE54-9A1E7A4F7556}") = "Tutorial01", "Tutorial01\Tutorial01.csproj", "{BF25DDDA-2EB3-4599-BEC6-E71BCF75D581}"
EndProject
Project("{FAE04EC0-301F-11D3-BF4B-00C04F79EFBC}") = "HolaMundo", "HolaMundo\HolaMundo.csproj", "{4F2F1C7A-E5B6-4FD5-B6CE-4EB4C69BD60E}"
EndProject
Global
	GlobalSection(SolutionConfigurationPlatforms) = preSolution
		Debug|Any CPU = Debug|Any CPU
		Release|Any CPU = Release|Any CPU
	EndGlobalSection
	GlobalSection(ProjectConfigurationPlatforms) = postSolution
		{BF25DDDA-2EB3-4599-BEC6-E71BCF75D581}.Debug|Any CPU.ActiveCfg = Debug|Any CPU
		{BF25DDDA-2EB3-4599-BEC6-E71BCF75D581}.Debug|Any CPU.Build.0 = Debug|Any CPU
		{BF25DDDA-2EB3-4599-BEC6-E71BCF75D581}.Release|Any CPU.ActiveCfg = Release|Any CPU
		{BF25DDDA-2EB3-4599-BEC6-E71BCF75D581}.Release|Any CPU.Build.0 = Release|Any CPU
		{4F2F1C7A-E5B6-4FD5-B6CE-4EB4C69BD60E}.Debug|Any CPU.ActiveCfg = Debug|Any CPU
		{4F2F1C7A-E5B6-4FD5-B6CE-4EB4C69BD60E}.Debug|Any CPU.Build.0 = Debug|Any CPU
		{4F2F1C7A-E5B6-4FD5-B6CE-4EB4C69BD60E}.Release|Any CPU.ActiveCfg = Release|Any CPU
		{4F2F1C7A-E5B6-4FD5-B6CE-4EB4C69BD60E}.Release|Any CPU.Build.0 = Release|Any CPU
	EndGlobalSection
	GlobalSection(SolutionProperties) = preSolution
		HideSolutionNode = FALSE
	EndGlobalSection
	GlobalSection(ExtensibilityGlobals) = postSolution
		SolutionGuid = {37607D9F-0F2F-4D13-A45B-71543FDC8894}
	EndGlobalSection
EndGlobal
